
Microsoft Visual Studio Solution File, Format Version 12.00
# Visual Studio Version 16
VisualStudioVersion = 16.0.29728.190
MinimumVisualStudioVersion = 10.0.40219.1
Project("{FAE04EC0-301F-11D3-BF4B-00C04F79EFBC}") = "CopyToResource", "CopyToResource\CopyToResource.csproj", "{F296C607-CB43-47A5-996D-9F865470891D}"
EndProject
Global
	GlobalSection(SolutionConfigurationPlatforms) = preSolution
		Debug|Any CPU = Debug|Any CPU
		Release|Any CPU = Release|Any CPU
	EndGlobalSection
	GlobalSection(ProjectConfigurationPlatforms) = postSolution
		{F296C607-CB43-47A5-996D-9F865470891D}.Debug|Any CPU.ActiveCfg = Debug|Any CPU
		{F296C607-CB43-47A5-996D-9F865470891D}.Debug|Any CPU.Build.0 = Debug|Any CPU
		{F296C607-CB43-47A5-996D-9F865470891D}.Release|Any CPU.ActiveCfg = Release|Any CPU
		{F296C607-CB43-47A5-996D-9F865470891D}.Release|Any CPU.Build.0 = Release|Any CPU
	EndGlobalSection
	GlobalSection(SolutionProperties) = preSolution
		HideSolutionNode = FALSE
	EndGlobalSection
	GlobalSection(ExtensibilityGlobals) = postSolution
		SolutionGuid = {2884B79E-7AE2-4386-A703-85F4AC9F0CD2}
	EndGlobalSection
EndGlobal
